<?xml version="1.0" encoding="utf-8"?>
<Project ToolsVersion="4.0" xmlns="http://schemas.microsoft.com/developer/msbuild/2003">
  <ItemGroup>
    <Filter Include="源文件">
      <UniqueIdentifier>{4FC737F1-C7A5-4376-A066-2A32D752A2FF}</UniqueIdentifier>
      <Extensions>cpp;c;cc;cxx;def;odl;idl;hpj;bat;asm;asmx</Extensions>
    </Filter>
    <Filter Include="资源文件">
      <UniqueIdentifier>{67DA6AB6-F800-4c08-8B7A-83BB121AAD01}</UniqueIdentifier>
      <Extensions>rc;ico;cur;bmp;dlg;rc2;rct;bin;rgs;gif;jpg;jpeg;jpe;resx;tiff;tif;png;wav;mfcribbon-ms</Extensions>
    </Filter>
    <Filter Include="Game">
      <UniqueIdentifier>{93995380-89BD-4b04-88EB-625FBE52EBFB}</UniqueIdentifier>
      <Extensions>h;hh;hpp;hxx;hm;inl;inc;ipp;xsd</Extensions>
    </Filter>
    <Filter Include="Core">
      <UniqueIdentifier>{4bf788ee-4cfb-450c-ad7b-26ccdcf42365}</UniqueIdentifier>
    </Filter>
    <Filter Include="GLDEMO">
      <UniqueIdentifier>{b9fb3255-9209-422b-bebc-7d7f88b931b7}</UniqueIdentifier>
    </Filter>
  </ItemGroup>
  <ItemGroup>
    <ClInclude Include="core\framework.h">
      <Filter>Core</Filter>
    </ClInclude>
    <ClInclude Include="core\GameLogRecorder.h">
      <Filter>Core</Filter>
    </ClInclude>
    <ClInclude Include="core\GDevices.h">
      <Filter>Core</Filter>
    </ClInclude>
    <ClInclude Include="core\targetver.h">
      <Filter>Core</Filter>
    </ClInclude>
    <ClInclude Include="core\UI.h">
      <Filter>Core</Filter>
    </ClInclude>
    <ClInclude Include="game\Game.h">
      <Filter>Game</Filter>
    </ClInclude>
    <ClInclude Include="game\Person.h">
      <Filter>Game</Filter>
    </ClInclude>
    <ClInclude Include="game\Player.h">
      <Filter>Game</Filter>
    </ClInclude>
    <ClInclude Include="game\ResourceManager.h">
      <Filter>Game</Filter>
    </ClInclude>
    <ClInclude Include="game\RObject.h">
      <Filter>Game</Filter>
    </ClInclude>
    <ClInclude Include="game\World.h">
      <Filter>Game</Filter>
    </ClInclude>
    <ClInclude Include="core\Resource.h">
      <Filter>Core</Filter>
    </ClInclude>
    <ClInclude Include="gldemo\background.h">
      <Filter>GLDEMO</Filter>
    </ClInclude>
    <ClInclude Include="gldemo\demoscene.h">
      <Filter>GLDEMO</Filter>
    </ClInclude>
    <ClInclude Include="gldemo\emitter.h">
      <Filter>GLDEMO</Filter>
    </ClInclude>
    <ClInclude Include="gldemo\i_displayobject.h">
      <Filter>GLDEMO</Filter>
    </ClInclude>
    <ClInclude Include="gldemo\rendercontext.h">
      <Filter>GLDEMO</Filter>
    </ClInclude>
    <ClInclude Include="gldemo\renderer.h">
      <Filter>GLDEMO</Filter>
    </ClInclude>
    <ClInclude Include="gldemo\scene.h">
      <Filter>GLDEMO</Filter>
    </ClInclude>
    <ClInclude Include="gldemo\shader.h">
      <Filter>GLDEMO</Filter>
    </ClInclude>
    <ClInclude Include="gldemo\sprite.h">
      <Filter>GLDEMO</Filter>
    </ClInclude>
    <ClInclude Include="gldemo\targetver.h">
      <Filter>GLDEMO</Filter>
    </ClInclude>
    <ClInclude Include="gldemo\texture.h">
      <Filter>GLDEMO</Filter>
    </ClInclude>
  </ItemGroup>
  <ItemGroup>
    <ClCompile Include="Main.cpp">
      <Filter>源文件</Filter>
    </ClCompile>
    <ClCompile Include="core\GDevices.cpp">
      <Filter>Core</Filter>
    </ClCompile>
    <ClCompile Include="core\UI.cpp">
      <Filter>Core</Filter>
    </ClCompile>
    <ClCompile Include="game\Game.cpp">
      <Filter>Game</Filter>
    </ClCompile>
    <ClCompile Include="game\Person.cpp">
      <Filter>Game</Filter>
    </ClCompile>
    <ClCompile Include="game\Player.cpp">
      <Filter>Game</Filter>
    </ClCompile>
    <ClCompile Include="game\ResourceManager.cpp">
      <Filter>Game</Filter>
    </ClCompile>
    <ClCompile Include="game\RObject.cpp">
      <Filter>Game</Filter>
    </ClCompile>
    <ClCompile Include="game\World.cpp">
      <Filter>Game</Filter>
    </ClCompile>
    <ClCompile Include="gldemo\background.cpp">
      <Filter>GLDEMO</Filter>
    </ClCompile>
    <ClCompile Include="gldemo\demoscene.cpp">
      <Filter>GLDEMO</Filter>
    </ClCompile>
    <ClCompile Include="gldemo\emitter.cpp">
      <Filter>GLDEMO</Filter>
    </ClCompile>
    <ClCompile Include="gldemo\rendercontext.cpp">
      <Filter>GLDEMO</Filter>
    </ClCompile>
    <ClCompile Include="gldemo\renderer.cpp">
      <Filter>GLDEMO</Filter>
    </ClCompile>
    <ClCompile Include="gldemo\scene.cpp">
      <Filter>GLDEMO</Filter>
    </ClCompile>
    <ClCompile Include="gldemo\shader.cpp">
      <Filter>GLDEMO</Filter>
    </ClCompile>
    <ClCompile Include="gldemo\sprite.cpp">
      <Filter>GLDEMO</Filter>
    </ClCompile>
    <ClCompile Include="gldemo\texture.cpp">
      <Filter>GLDEMO</Filter>
    </ClCompile>
  </ItemGroup>
  <ItemGroup>
    <ResourceCompile Include="RGAME1.rc">
      <Filter>资源文件</Filter>
    </ResourceCompile>
  </ItemGroup>
  <ItemGroup>
    <Image Include="small.ico">
      <Filter>资源文件</Filter>
    </Image>
    <Image Include="RGAME1.ico">
      <Filter>资源文件</Filter>
    </Image>
  </ItemGroup>
</Project>